
Microsoft Visual Studio Solution File, Format Version 12.00
# Visual Studio Version 16
VisualStudioVersion = 16.0.31911.196
MinimumVisualStudioVersion = 10.0.40219.1
Project("{FAE04EC0-301F-11D3-BF4B-00C04F79EFBC}") = "Bank", "Bank.csproj", "{C6D2B44C-065C-4EE1-A91C-7EAC9035999A}"
EndProject
Project("{FAE04EC0-301F-11D3-BF4B-00C04F79EFBC}") = "BankTests", "..\BankTests\BankTests.csproj", "{5DA12231-2527-41C3-B116-5409315B840B}"
EndProject
Global
	GlobalSection(SolutionConfigurationPlatforms) = preSolution
		Debug|Any CPU = Debug|Any CPU
		Release|Any CPU = Release|Any CPU
	EndGlobalSection
	GlobalSection(ProjectConfigurationPlatforms) = postSolution
		{C6D2B44C-065C-4EE1-A91C-7EAC9035999A}.Debug|Any CPU.ActiveCfg = Debug|Any CPU
		{C6D2B44C-065C-4EE1-A91C-7EAC9035999A}.Debug|Any CPU.Build.0 = Debug|Any CPU
		{C6D2B44C-065C-4EE1-A91C-7EAC9035999A}.Release|Any CPU.ActiveCfg = Release|Any CPU
		{C6D2B44C-065C-4EE1-A91C-7EAC9035999A}.Release|Any CPU.Build.0 = Release|Any CPU
		{5DA12231-2527-41C3-B116-5409315B840B}.Debug|Any CPU.ActiveCfg = Debug|Any CPU
		{5DA12231-2527-41C3-B116-5409315B840B}.Debug|Any CPU.Build.0 = Debug|Any CPU
		{5DA12231-2527-41C3-B116-5409315B840B}.Release|Any CPU.ActiveCfg = Release|Any CPU
		{5DA12231-2527-41C3-B116-5409315B840B}.Release|Any CPU.Build.0 = Release|Any CPU
	EndGlobalSection
	GlobalSection(SolutionProperties) = preSolution
		HideSolutionNode = FALSE
	EndGlobalSection
	GlobalSection(ExtensibilityGlobals) = postSolution
		SolutionGuid = {343863C5-3922-40F3-AE71-FC58FBFCB978}
	EndGlobalSection
EndGlobal
